
Microsoft Visual Studio Solution File, Format Version 12.00
# Visual Studio Version 17
VisualStudioVersion = 17.7.34031.279
MinimumVisualStudioVersion = 10.0.40219.1
Project("{FAE04EC0-301F-11D3-BF4B-00C04F79EFBC}") = "DelegatesLinq", "DelegatesLinq.csproj", "{4ADE3E03-088D-416F-B8F5-15F62ECCD440}"
EndProject
Global
	GlobalSection(SolutionConfigurationPlatforms) = preSolution
		Debug|Any CPU = Debug|Any CPU
		Release|Any CPU = Release|Any CPU
	EndGlobalSection
	GlobalSection(ProjectConfigurationPlatforms) = postSolution
		{4ADE3E03-088D-416F-B8F5-15F62ECCD440}.Debug|Any CPU.ActiveCfg = Debug|Any CPU
		{4ADE3E03-088D-416F-B8F5-15F62ECCD440}.Debug|Any CPU.Build.0 = Debug|Any CPU
		{4ADE3E03-088D-416F-B8F5-15F62ECCD440}.Release|Any CPU.ActiveCfg = Release|Any CPU
		{4ADE3E03-088D-416F-B8F5-15F62ECCD440}.Release|Any CPU.Build.0 = Release|Any CPU
	EndGlobalSection
	GlobalSection(SolutionProperties) = preSolution
		HideSolutionNode = FALSE
	EndGlobalSection
	GlobalSection(ExtensibilityGlobals) = postSolution
		SolutionGuid = {758F00AC-D582-4613-A54B-231A664317C3}
	EndGlobalSection
EndGlobal
