
Microsoft Visual Studio Solution File, Format Version 12.00
# Visual Studio Version 17
VisualStudioVersion = 17.7.34031.279
MinimumVisualStudioVersion = 10.0.40219.1
Project("{9A19103F-16F7-4668-BE54-9A1E7A4F7556}") = "GenericRepository", "GenericRepository.csproj", "{68F8CE41-0FE4-4989-85CD-866790D3E100}"
EndProject
Project("{FAE04EC0-301F-11D3-BF4B-00C04F79EFBC}") = "TestProject1", "..\TestProject1\TestProject1.csproj", "{A6A221DC-F963-4166-8039-EF9901C0C558}"
EndProject
Global
	GlobalSection(SolutionConfigurationPlatforms) = preSolution
		Debug|Any CPU = Debug|Any CPU
		Release|Any CPU = Release|Any CPU
	EndGlobalSection
	GlobalSection(ProjectConfigurationPlatforms) = postSolution
		{68F8CE41-0FE4-4989-85CD-866790D3E100}.Debug|Any CPU.ActiveCfg = Debug|Any CPU
		{68F8CE41-0FE4-4989-85CD-866790D3E100}.Debug|Any CPU.Build.0 = Debug|Any CPU
		{68F8CE41-0FE4-4989-85CD-866790D3E100}.Release|Any CPU.ActiveCfg = Release|Any CPU
		{68F8CE41-0FE4-4989-85CD-866790D3E100}.Release|Any CPU.Build.0 = Release|Any CPU
		{A6A221DC-F963-4166-8039-EF9901C0C558}.Debug|Any CPU.ActiveCfg = Debug|Any CPU
		{A6A221DC-F963-4166-8039-EF9901C0C558}.Debug|Any CPU.Build.0 = Debug|Any CPU
		{A6A221DC-F963-4166-8039-EF9901C0C558}.Release|Any CPU.ActiveCfg = Release|Any CPU
		{A6A221DC-F963-4166-8039-EF9901C0C558}.Release|Any CPU.Build.0 = Release|Any CPU
	EndGlobalSection
	GlobalSection(SolutionProperties) = preSolution
		HideSolutionNode = FALSE
	EndGlobalSection
	GlobalSection(ExtensibilityGlobals) = postSolution
		SolutionGuid = {21EAA8B7-92E8-4640-8280-403471818070}
	EndGlobalSection
EndGlobal
