
Microsoft Visual Studio Solution File, Format Version 12.00
# Visual Studio Version 17
VisualStudioVersion = 17.7.34031.279
MinimumVisualStudioVersion = 10.0.40219.1
Project("{FAE04EC0-301F-11D3-BF4B-00C04F79EFBC}") = "CleanCode", "CleanCode.csproj", "{04508CDC-9342-4EC3-98A4-F51609FE94E1}"
EndProject
Global
	GlobalSection(SolutionConfigurationPlatforms) = preSolution
		Debug|Any CPU = Debug|Any CPU
		Release|Any CPU = Release|Any CPU
	EndGlobalSection
	GlobalSection(ProjectConfigurationPlatforms) = postSolution
		{04508CDC-9342-4EC3-98A4-F51609FE94E1}.Debug|Any CPU.ActiveCfg = Debug|Any CPU
		{04508CDC-9342-4EC3-98A4-F51609FE94E1}.Debug|Any CPU.Build.0 = Debug|Any CPU
		{04508CDC-9342-4EC3-98A4-F51609FE94E1}.Release|Any CPU.ActiveCfg = Release|Any CPU
		{04508CDC-9342-4EC3-98A4-F51609FE94E1}.Release|Any CPU.Build.0 = Release|Any CPU
	EndGlobalSection
	GlobalSection(SolutionProperties) = preSolution
		HideSolutionNode = FALSE
	EndGlobalSection
	GlobalSection(ExtensibilityGlobals) = postSolution
		SolutionGuid = {5363CFC1-EAFC-46F7-A63A-E8DC2B466EFA}
	EndGlobalSection
EndGlobal
